
Microsoft Visual Studio Solution File, Format Version 12.00
# Visual Studio 15
VisualStudioVersion = 15.0.28010.2036
MinimumVisualStudioVersion = 10.0.40219.1
Project("{FAE04EC0-301F-11D3-BF4B-00C04F79EFBC}") = "Assignment (4)", "Assignment (4)\Assignment (4).csproj", "{FE73F28B-0682-42AF-A8AE-C5D09DE9D2BA}"
EndProject
Global
	GlobalSection(SolutionConfigurationPlatforms) = preSolution
		Debug|Any CPU = Debug|Any CPU
		Release|Any CPU = Release|Any CPU
	EndGlobalSection
	GlobalSection(ProjectConfigurationPlatforms) = postSolution
		{FE73F28B-0682-42AF-A8AE-C5D09DE9D2BA}.Debug|Any CPU.ActiveCfg = Debug|Any CPU
		{FE73F28B-0682-42AF-A8AE-C5D09DE9D2BA}.Debug|Any CPU.Build.0 = Debug|Any CPU
		{FE73F28B-0682-42AF-A8AE-C5D09DE9D2BA}.Release|Any CPU.ActiveCfg = Release|Any CPU
		{FE73F28B-0682-42AF-A8AE-C5D09DE9D2BA}.Release|Any CPU.Build.0 = Release|Any CPU
	EndGlobalSection
	GlobalSection(SolutionProperties) = preSolution
		HideSolutionNode = FALSE
	EndGlobalSection
	GlobalSection(ExtensibilityGlobals) = postSolution
		SolutionGuid = {5E36B52D-D00A-447C-A365-0E2935650114}
	EndGlobalSection
EndGlobal
